// !$*UTF8*$!
{
	archiveVersion = 1;
	classes = {
	};
	objectVersion = 46;
	objects = {

/* Begin PBXBuildFile section */
		C63921D81D5CD17C0061CAD2 /* AppDelegate.swift in Sources */ = {isa = PBXBuildFile; fileRef = C63921D71D5CD17C0061CAD2 /* AppDelegate.swift */; };
		C63921DA1D5CD17C0061CAD2 /* ViewController.swift in Sources */ = {isa = PBXBuildFile; fileRef = C63921D91D5CD17C0061CAD2 /* ViewController.swift */; };
		C63921DD1D5CD17C0061CAD2 /* Main.storyboard in Resources */ = {isa = PBXBuildFile; fileRef = C63921DB1D5CD17C0061CAD2 /* Main.storyboard */; };
		C63921E01D5CD17C0061CAD2 /* SaveTheKittensExceptTheHairlessOnes.xcdatamodeld in Sources */ = {isa = PBXBuildFile; fileRef = C63921DE1D5CD17C0061CAD2 /* SaveTheKittensExceptTheHairlessOnes.xcdatamodeld */; };
		C63921E21D5CD17C0061CAD2 /* Assets.xcassets in Resources */ = {isa = PBXBuildFile; fileRef = C63921E11D5CD17C0061CAD2 /* Assets.xcassets */; };
		C63921E51D5CD17C0061CAD2 /* LaunchScreen.storyboard in Resources */ = {isa = PBXBuildFile; fileRef = C63921E31D5CD17C0061CAD2 /* LaunchScreen.storyboard */; };
/* End PBXBuildFile section */

/* Begin PBXFileReference section */
		C63921D41D5CD17C0061CAD2 /* SaveTheKittensExceptTheHairlessOnes.app */ = {isa = PBXFileReference; explicitFileType = wrapper.application; includeInIndex = 0; path = SaveTheKittensExceptTheHairlessOnes.app; sourceTree = BUILT_PRODUCTS_DIR; };
		C63921D71D5CD17C0061CAD2 /* AppDelegate.swift */ = {isa = PBXFileReference; lastKnownFileType = sourcecode.swift; path = AppDelegate.swift; sourceTree = "<group>"; };
		C63921D91D5CD17C0061CAD2 /* ViewController.swift */ = {isa = PBXFileReference; lastKnownFileType = sourcecode.swift; path = ViewController.swift; sourceTree = "<group>"; };
		C63921DC1D5CD17C0061CAD2 /* Base */ = {isa = PBXFileReference; lastKnownFileType = file.storyboard; name = Base; path = Base.lproj/Main.storyboard; sourceTree = "<group>"; };
		C63921DF1D5CD17C0061CAD2 /* SaveTheKittensExceptTheHairlessOnes.xcdatamodel */ = {isa = PBXFileReference; lastKnownFileType = wrapper.xcdatamodel; path = SaveTheKittensExceptTheHairlessOnes.xcdatamodel; sourceTree = "<group>"; };
		C63921E11D5CD17C0061CAD2 /* Assets.xcassets */ = {isa = PBXFileReference; lastKnownFileType = folder.assetcatalog; path = Assets.xcassets; sourceTree = "<group>"; };
		C63921E41D5CD17C0061CAD2 /* Base */ = {isa = PBXFileReference; lastKnownFileType = file.storyboard; name = Base; path = Base.lproj/LaunchScreen.storyboard; sourceTree = "<group>"; };
		C63921E61D5CD17C0061CAD2 /* Info.plist */ = {isa = PBXFileReference; lastKnownFileType = text.plist.xml; path = Info.plist; sourceTree = "<group>"; };
/* End PBXFileReference section */

/* Begin PBXFrameworksBuildPhase section */
		C63921D11D5CD17C0061CAD2 /* Frameworks */ = {
			isa = PBXFrameworksBuildPhase;
			buildActionMask = 2147483647;
			files = (
			);
			runOnlyForDeploymentPostprocessing = 0;
		};
/* End PBXFrameworksBuildPhase section */

/* Begin PBXGroup section */
		C63921CB1D5CD17C0061CAD2 = {
			isa = PBXGroup;
			children = (
				C63921D61D5CD17C0061CAD2 /* SaveTheKittensExceptTheHairlessOnes */,
				C63921D51D5CD17C0061CAD2 /* Products */,
			);
			sourceTree = "<group>";
		};
		C63921D51D5CD17C0061CAD2 /* Products */ = {
			isa = PBXGroup;
			children = (
				C63921D41D5CD17C0061CAD2 /* SaveTheKittensExceptTheHairlessOnes.app */,
			);
			name = Products;
			sourceTree = "<group>";
		};
		C63921D61D5CD17C0061CAD2 /* SaveTheKittensExceptTheHairlessOnes */ = {
			isa = PBXGroup;
			children = (
				C63921D71D5CD17C0061CAD2 /* AppDelegate.swift */,
				C63921D91D5CD17C0061CAD2 /* ViewController.swift */,
				C63921DB1D5CD17C0061CAD2 /* Main.storyboard */,
				C63921E11D5CD17C0061CAD2 /* Assets.xcassets */,
				C63921E31D5CD17C0061CAD2 /* LaunchScreen.storyboard */,
				C63921E61D5CD17C0061CAD2 /* Info.plist */,
				C63921DE1D5CD17C0061CAD2 /* SaveTheKittensExceptTheHairlessOnes.xcdatamodeld */,
			);
			path = SaveTheKittensExceptTheHairlessOnes;
			sourceTree = "<group>";
		};
/* End PBXGroup section */

/* Begin PBXNativeTarget section */
		C63921D31D5CD17C0061CAD2 /* SaveTheKittensExceptTheHairlessOnes */ = {
			isa = PBXNativeTarget;
			buildConfigurationList = C63921E91D5CD17C0061CAD2 /* Build configuration list for PBXNativeTarget "SaveTheKittensExceptTheHairlessOnes" */;
			buildPhases = (
				C63921D01D5CD17C0061CAD2 /* Sources */,
				C63921D11D5CD17C0061CAD2 /* Frameworks */,
				C63921D21D5CD17C0061CAD2 /* Resources */,
			);
			buildRules = (
			);
			dependencies = (
			);
			name = SaveTheKittensExceptTheHairlessOnes;
			productName = SaveTheKittensExceptTheHairlessOnes;
			productReference = C63921D41D5CD17C0061CAD2 /* SaveTheKittensExceptTheHairlessOnes.app */;
			productType = "com.apple.product-type.application";
		};
/* End PBXNativeTarget section */

/* Begin PBXProject section */
		C63921CC1D5CD17C0061CAD2 /* Project object */ = {
			isa = PBXProject;
			attributes = {
				LastSwiftUpdateCheck = 0800;
				LastUpgradeCheck = 0800;
				ORGANIZATIONNAME = Cold;
				TargetAttributes = {
					C63921D31D5CD17C0061CAD2 = {
						CreatedOnToolsVersion = 8.0;
						DevelopmentTeam = 69824PU5FC;
						ProvisioningStyle = Automatic;
					};
				};
			};
			buildConfigurationList = C63921CF1D5CD17C0061CAD2 /* Build configuration list for PBXProject "SaveTheKittensExceptTheHairlessOnes" */;
			compatibilityVersion = "Xcode 3.2";
			developmentRegion = English;
			hasScannedForEncodings = 0;
			knownRegions = (
				en,
				Base,
			);
			mainGroup = C63921CB1D5CD17C0061CAD2;
			productRefGroup = C63921D51D5CD17C0061CAD2 /* Products */;
			projectDirPath = "";
			projectRoot = "";
			targets = (
				C63921D31D5CD17C0061CAD2 /* SaveTheKittensExceptTheHairlessOnes */,
			);
		};
/* End PBXProject section */

/* Begin PBXResourcesBuildPhase section */
		C63921D21D5CD17C0061CAD2 /* Resources */ = {
			isa = PBXResourcesBuildPhase;
			buildActionMask = 2147483647;
			files = (
				C63921E51D5CD17C0061CAD2 /* LaunchScreen.storyboard in Resources */,
				C63921E21D5CD17C0061CAD2 /* Assets.xcassets in Resources */,
				C63921DD1D5CD17C0061CAD2 /* Main.storyboard in Resources */,
			);
			runOnlyForDeploymentPostprocessing = 0;
		};
/* End PBXResourcesBuildPhase section */

/* Begin PBXSourcesBuildPhase section */
		C63921D01D5CD17C0061CAD2 /* Sources */ = {
			isa = PBXSourcesBuildPhase;
			buildActionMask = 2147483647;
			files = (
				C63921DA1D5CD17C0061CAD2 /* ViewController.swift in Sources */,
				C63921D81D5CD17C0061CAD2 /* AppDelegate.swift in Sources */,
				C63921E01D5CD17C0061CAD2 /* SaveTheKittensExceptTheHairlessOnes.xcdatamodeld in Sources */,
			);
			runOnlyForDeploymentPostprocessing = 0;
		};
/* End PBXSourcesBuildPhase section */

/* Begin PBXVariantGroup section */
		C63921DB1D5CD17C0061CAD2 /* Main.storyboard */ = {
			isa = PBXVariantGroup;
			children = (
				C63921DC1D5CD17C0061CAD2 /* Base */,
			);
			name = Main.storyboard;
			sourceTree = "<group>";
		};
		C63921E31D5CD17C0061CAD2 /* LaunchScreen.storyboard */ = {
			isa = PBXVariantGroup;
			children = (
				C63921E41D5CD17C0061CAD2 /* Base */,
			);
			name = LaunchScreen.storyboard;
			sourceTree = "<group>";
		};
/* End PBXVariantGroup section */

/* Begin XCBuildConfiguration section */
		C63921E71D5CD17C0061CAD2 /* Debug */ = {
			isa = XCBuildConfiguration;
			buildSettings = {
				ALWAYS_SEARCH_USER_PATHS = NO;
				CLANG_ANALYZER_NONNULL = YES;
				CLANG_CXX_LANGUAGE_STANDARD = "gnu++0x";
				CLANG_CXX_LIBRARY = "libc++";
				CLANG_ENABLE_MODULES = YES;
				CLANG_ENABLE_OBJC_ARC = YES;
				CLANG_WARN_BOOL_CONVERSION = YES;
				CLANG_WARN_CONSTANT_CONVERSION = YES;
				CLANG_WARN_DIRECT_OBJC_ISA_USAGE = YES_ERROR;
				CLANG_WARN_DOCUMENTATION_COMMENTS = YES;
				CLANG_WARN_EMPTY_BODY = YES;
				CLANG_WARN_ENUM_CONVERSION = YES;
				CLANG_WARN_INFINITE_RECURSION = YES;
				CLANG_WARN_INT_CONVERSION = YES;
				CLANG_WARN_OBJC_ROOT_CLASS = YES_ERROR;
				CLANG_WARN_SUSPICIOUS_MOVES = YES;
				CLANG_WARN_UNREACHABLE_CODE = YES;
				CLANG_WARN__DUPLICATE_METHOD_MATCH = YES;
				"CODE_SIGN_IDENTITY[sdk=iphoneos*]" = "iPhone Developer";
				COPY_PHASE_STRIP = NO;
				DEBUG_INFORMATION_FORMAT = dwarf;
				ENABLE_STRICT_OBJC_MSGSEND = YES;
				ENABLE_TESTABILITY = YES;
				GCC_C_LANGUAGE_STANDARD = gnu99;
				GCC_DYNAMIC_NO_PIC = NO;
				GCC_NO_COMMON_BLOCKS = YES;
				GCC_OPTIMIZATION_LEVEL = 0;
				GCC_PREPROCESSOR_DEFINITIONS = (
					"DEBUG=1",
					"$(inherited)",
				);
				GCC_WARN_64_TO_32_BIT_CONVERSION = YES;
				GCC_WARN_ABOUT_RETURN_TYPE = YES_ERROR;
				GCC_WARN_UNDECLARED_SELECTOR = YES;
				GCC_WARN_UNINITIALIZED_AUTOS = YES_AGGRESSIVE;
				GCC_WARN_UNUSED_FUNCTION = YES;
				GCC_WARN_UNUSED_VARIABLE = YES;
				IPHONEOS_DEPLOYMENT_TARGET = 10.0;
				MTL_ENABLE_DEBUG_INFO = YES;
				ONLY_ACTIVE_ARCH = YES;
				SDKROOT = iphoneos;
				SWIFT_ACTIVE_COMPILATION_CONDITIONS = DEBUG;
				SWIFT_OPTIMIZATION_LEVEL = "-Onone";
				TARGETED_DEVICE_FAMILY = "1,2";
			};
			name = Debug;
		};
		C63921E81D5CD17C0061CAD2 /* Release */ = {
			isa = XCBuildConfiguration;
			buildSettings = {
				ALWAYS_SEARCH_USER_PATHS = NO;
				CLANG_ANALYZER_NONNULL = YES;
				CLANG_CXX_LANGUAGE_STANDARD = "gnu++0x";
				CLANG_CXX_LIBRARY = "libc++";
				CLANG_ENABLE_MODULES = YES;
				CLANG_ENABLE_OBJC_ARC = YES;
				CLANG_WARN_BOOL_CONVERSION = YES;
				CLANG_WARN_CONSTANT_CONVERSION = YES;
				CLANG_WARN_DIRECT_OBJC_ISA_USAGE = YES_ERROR;
				CLANG_WARN_DOCUMENTATION_COMMENTS = YES;
				CLANG_WARN_EMPTY_BODY = YES;
				CLANG_WARN_ENUM_CONVERSION = YES;
				CLANG_WARN_INFINITE_RECURSION = YES;
				CLANG_WARN_INT_CONVERSION = YES;
				CLANG_WARN_OBJC_ROOT_CLASS = YES_ERROR;
				CLANG_WARN_SUSPICIOUS_MOVES = YES;
				CLANG_WARN_UNREACHABLE_CODE = YES;
				CLANG_WARN__DUPLICATE_METHOD_MATCH = YES;
				"CODE_SIGN_IDENTITY[sdk=iphoneos*]" = "iPhone Developer";
				COPY_PHASE_STRIP = NO;
				DEBUG_INFORMATION_FORMAT = "dwarf-with-dsym";
				ENABLE_NS_ASSERTIONS = NO;
				ENABLE_STRICT_OBJC_MSGSEND = YES;
				GCC_C_LANGUAGE_STANDARD = gnu99;
				GCC_NO_COMMON_BLOCKS = YES;
				GCC_WARN_64_TO_32_BIT_CONVERSION = YES;
				GCC_WARN_ABOUT_RETURN_TYPE = YES_ERROR;
				GCC_WARN_UNDECLARED_SELECTOR = YES;
				GCC_WARN_UNINITIALIZED_AUTOS = YES_AGGRESSIVE;
				GCC_WARN_UNUSED_FUNCTION = YES;
				GCC_WARN_UNUSED_VARIABLE = YES;
				IPHONEOS_DEPLOYMENT_TARGET = 10.0;
				MTL_ENABLE_DEBUG_INFO = NO;
				SDKROOT = iphoneos;
				SWIFT_OPTIMIZATION_LEVEL = "-Owholemodule";
				TARGETED_DEVICE_FAMILY = "1,2";
				VALIDATE_PRODUCT = YES;
			};
			name = Release;
		};
		C63921EA1D5CD17C0061CAD2 /* Debug */ = {
			isa = XCBuildConfiguration;
			buildSettings = {
				ASSETCATALOG_COMPILER_APPICON_NAME = AppIcon;
				DEVELOPMENT_TEAM = 69824PU5FC;
				INFOPLIST_FILE = SaveTheKittensExceptTheHairlessOnes/Info.plist;
				LD_RUNPATH_SEARCH_PATHS = "$(inherited) @executable_path/Frameworks";
				PRODUCT_BUNDLE_IDENTIFIER = com.cold.SaveTheKittensExceptTheHairlessOnes;
				PRODUCT_NAME = "$(TARGET_NAME)";
				SWIFT_VERSION = 3.0;
			};
			name = Debug;
		};
		C63921EB1D5CD17C0061CAD2 /* Release */ = {
			isa = XCBuildConfiguration;
			buildSettings = {
				ASSETCATALOG_COMPILER_APPICON_NAME = AppIcon;
				DEVELOPMENT_TEAM = 69824PU5FC;
				INFOPLIST_FILE = SaveTheKittensExceptTheHairlessOnes/Info.plist;
				LD_RUNPATH_SEARCH_PATHS = "$(inherited) @executable_path/Frameworks";
				PRODUCT_BUNDLE_IDENTIFIER = com.cold.SaveTheKittensExceptTheHairlessOnes;
				PRODUCT_NAME = "$(TARGET_NAME)";
				SWIFT_VERSION = 3.0;
			};
			name = Release;
		};
/* End XCBuildConfiguration section */

/* Begin XCConfigurationList section */
		C63921CF1D5CD17C0061CAD2 /* Build configuration list for PBXProject "SaveTheKittensExceptTheHairlessOnes" */ = {
			isa = XCConfigurationList;
			buildConfigurations = (
				C63921E71D5CD17C0061CAD2 /* Debug */,
				C63921E81D5CD17C0061CAD2 /* Release */,
			);
			defaultConfigurationIsVisible = 0;
			defaultConfigurationName = Release;
		};
		C63921E91D5CD17C0061CAD2 /* Build configuration list for PBXNativeTarget "SaveTheKittensExceptTheHairlessOnes" */ = {
			isa = XCConfigurationList;
			buildConfigurations = (
				C63921EA1D5CD17C0061CAD2 /* Debug */,
				C63921EB1D5CD17C0061CAD2 /* Release */,
			);
			defaultConfigurationIsVisible = 0;
		};
/* End XCConfigurationList section */

/* Begin XCVersionGroup section */
		C63921DE1D5CD17C0061CAD2 /* SaveTheKittensExceptTheHairlessOnes.xcdatamodeld */ = {
			isa = XCVersionGroup;
			children = (
				C63921DF1D5CD17C0061CAD2 /* SaveTheKittensExceptTheHairlessOnes.xcdatamodel */,
			);
			currentVersion = C63921DF1D5CD17C0061CAD2 /* SaveTheKittensExceptTheHairlessOnes.xcdatamodel */;
			path = SaveTheKittensExceptTheHairlessOnes.xcdatamodeld;
			sourceTree = "<group>";
			versionGroupType = wrapper.xcdatamodel;
		};
/* End XCVersionGroup section */
	};
	rootObject = C63921CC1D5CD17C0061CAD2 /* Project object */;
}
